
Microsoft Visual Studio Solution File, Format Version 12.00
# Visual Studio 15
VisualStudioVersion = 15.0.27004.2009
MinimumVisualStudioVersion = 10.0.40219.1
Project("{FAE04EC0-301F-11D3-BF4B-00C04F79EFBC}") = "FormFlowAdvanced", "FormFlowAdvanced\FormFlowAdvanced.csproj", "{87E292B8-8B70-4B31-907F-2A0E5B03E3A5}"
EndProject
Global
	GlobalSection(SolutionConfigurationPlatforms) = preSolution
		Debug|Any CPU = Debug|Any CPU
		Release|Any CPU = Release|Any CPU
	EndGlobalSection
	GlobalSection(ProjectConfigurationPlatforms) = postSolution
		{87E292B8-8B70-4B31-907F-2A0E5B03E3A5}.Debug|Any CPU.ActiveCfg = Debug|Any CPU
		{87E292B8-8B70-4B31-907F-2A0E5B03E3A5}.Debug|Any CPU.Build.0 = Debug|Any CPU
		{87E292B8-8B70-4B31-907F-2A0E5B03E3A5}.Release|Any CPU.ActiveCfg = Release|Any CPU
		{87E292B8-8B70-4B31-907F-2A0E5B03E3A5}.Release|Any CPU.Build.0 = Release|Any CPU
	EndGlobalSection
	GlobalSection(SolutionProperties) = preSolution
		HideSolutionNode = FALSE
	EndGlobalSection
	GlobalSection(ExtensibilityGlobals) = postSolution
		SolutionGuid = {760138D6-42DA-4F49-830D-5E5A5106976F}
	EndGlobalSection
EndGlobal
